// !$*UTF8*$!
{
	archiveVersion = 1;
	classes = {
	};
	objectVersion = 77;
	objects = {

/* Begin PBXBuildFile section */
		3B3242932E74994B008E6C12 /* FirebaseAuth in Frameworks */ = {isa = PBXBuildFile; productRef = 3B3242922E74994B008E6C12 /* FirebaseAuth */; };
		3B3242952E74994B008E6C12 /* FirebaseFirestore in Frameworks */ = {isa = PBXBuildFile; productRef = 3B3242942E74994B008E6C12 /* FirebaseFirestore */; };
		3B3242972E74994B008E6C12 /* FirebaseStorage in Frameworks */ = {isa = PBXBuildFile; productRef = 3B3242962E74994B008E6C12 /* FirebaseStorage */; };
/* End PBXBuildFile section */

/* Begin PBXContainerItemProxy section */
		3B264A3A2E6D964500BD6892 /* PBXContainerItemProxy */ = {
			isa = PBXContainerItemProxy;
			containerPortal = 3B264A242E6D964400BD6892 /* Project object */;
			proxyType = 1;
			remoteGlobalIDString = 3B264A2B2E6D964400BD6892;
			remoteInfo = Router;
		};
		3B264A442E6D964500BD6892 /* PBXContainerItemProxy */ = {
			isa = PBXContainerItemProxy;
			containerPortal = 3B264A242E6D964400BD6892 /* Project object */;
			proxyType = 1;
			remoteGlobalIDString = 3B264A2B2E6D964400BD6892;
			remoteInfo = Router;
		};
/* End PBXContainerItemProxy section */

/* Begin PBXFileReference section */
		3B264A2C2E6D964400BD6892 /* Router.app */ = {isa = PBXFileReference; explicitFileType = wrapper.application; includeInIndex = 0; path = Router.app; sourceTree = BUILT_PRODUCTS_DIR; };
		3B264A392E6D964500BD6892 /* RouterTests.xctest */ = {isa = PBXFileReference; explicitFileType = wrapper.cfbundle; includeInIndex = 0; path = RouterTests.xctest; sourceTree = BUILT_PRODUCTS_DIR; };
		3B264A432E6D964500BD6892 /* RouterUITests.xctest */ = {isa = PBXFileReference; explicitFileType = wrapper.cfbundle; includeInIndex = 0; path = RouterUITests.xctest; sourceTree = BUILT_PRODUCTS_DIR; };
/* End PBXFileReference section */

/* Begin PBXFileSystemSynchronizedRootGroup section */
		3B264A2E2E6D964400BD6892 /* Router */ = {
			isa = PBXFileSystemSynchronizedRootGroup;
			path = Router;
			sourceTree = "<group>";
		};
		3B264A3C2E6D964500BD6892 /* RouterTests */ = {
			isa = PBXFileSystemSynchronizedRootGroup;
			path = RouterTests;
			sourceTree = "<group>";
		};
		3B264A462E6D964500BD6892 /* RouterUITests */ = {
			isa = PBXFileSystemSynchronizedRootGroup;
			path = RouterUITests;
			sourceTree = "<group>";
		};
/* End PBXFileSystemSynchronizedRootGroup section */

/* Begin PBXFrameworksBuildPhase section */
		3B264A292E6D964400BD6892 /* Frameworks */ = {
			isa = PBXFrameworksBuildPhase;
			buildActionMask = 2147483647;
			files = (
				3B3242932E74994B008E6C12 /* FirebaseAuth in Frameworks */,
				3B3242952E74994B008E6C12 /* FirebaseFirestore in Frameworks */,
				3B3242972E74994B008E6C12 /* FirebaseStorage in Frameworks */,
			);
			runOnlyForDeploymentPostprocessing = 0;
		};
		3B264A362E6D964500BD6892 /* Frameworks */ = {
			isa = PBXFrameworksBuildPhase;
			buildActionMask = 2147483647;
			files = (
			);
			runOnlyForDeploymentPostprocessing = 0;
		};
		3B264A402E6D964500BD6892 /* Frameworks */ = {
			isa = PBXFrameworksBuildPhase;
			buildActionMask = 2147483647;
			files = (
			);
			runOnlyForDeploymentPostprocessing = 0;
		};
/* End PBXFrameworksBuildPhase section */

/* Begin PBXGroup section */
		3B264A232E6D964400BD6892 = {
			isa = PBXGroup;
			children = (
				3B264A2E2E6D964400BD6892 /* Router */,
				3B264A3C2E6D964500BD6892 /* RouterTests */,
				3B264A462E6D964500BD6892 /* RouterUITests */,
				3B264A2D2E6D964400BD6892 /* Products */,
			);
			sourceTree = "<group>";
		};
		3B264A2D2E6D964400BD6892 /* Products */ = {
			isa = PBXGroup;
			children = (
				3B264A2C2E6D964400BD6892 /* Router.app */,
				3B264A392E6D964500BD6892 /* RouterTests.xctest */,
				3B264A432E6D964500BD6892 /* RouterUITests.xctest */,
			);
			name = Products;
			sourceTree = "<group>";
		};
/* End PBXGroup section */

/* Begin PBXNativeTarget section */
		3B264A2B2E6D964400BD6892 /* Router */ = {
			isa = PBXNativeTarget;
			buildConfigurationList = 3B264A4D2E6D964500BD6892 /* Build configuration list for PBXNativeTarget "Router" */;
			buildPhases = (
				3B264A282E6D964400BD6892 /* Sources */,
				3B264A292E6D964400BD6892 /* Frameworks */,
				3B264A2A2E6D964400BD6892 /* Resources */,
			);
			buildRules = (
			);
			dependencies = (
			);
			fileSystemSynchronizedGroups = (
				3B264A2E2E6D964400BD6892 /* Router */,
			);
			name = Router;
			packageProductDependencies = (
				3B3242922E74994B008E6C12 /* FirebaseAuth */,
				3B3242942E74994B008E6C12 /* FirebaseFirestore */,
				3B3242962E74994B008E6C12 /* FirebaseStorage */,
			);
			productName = Router;
			productReference = 3B264A2C2E6D964400BD6892 /* Router.app */;
			productType = "com.apple.product-type.application";
		};
		3B264A382E6D964500BD6892 /* RouterTests */ = {
			isa = PBXNativeTarget;
			buildConfigurationList = 3B264A502E6D964500BD6892 /* Build configuration list for PBXNativeTarget "RouterTests" */;
			buildPhases = (
				3B264A352E6D964500BD6892 /* Sources */,
				3B264A362E6D964500BD6892 /* Frameworks */,
				3B264A372E6D964500BD6892 /* Resources */,
			);
			buildRules = (
			);
			dependencies = (
				3B264A3B2E6D964500BD6892 /* PBXTargetDependency */,
			);
			fileSystemSynchronizedGroups = (
				3B264A3C2E6D964500BD6892 /* RouterTests */,
			);
			name = RouterTests;
			packageProductDependencies = (
			);
			productName = RouterTests;
			productReference = 3B264A392E6D964500BD6892 /* RouterTests.xctest */;
			productType = "com.apple.product-type.bundle.unit-test";
		};
		3B264A422E6D964500BD6892 /* RouterUITests */ = {
			isa = PBXNativeTarget;
			buildConfigurationList = 3B264A532E6D964500BD6892 /* Build configuration list for PBXNativeTarget "RouterUITests" */;
			buildPhases = (
				3B264A3F2E6D964500BD6892 /* Sources */,
				3B264A402E6D964500BD6892 /* Frameworks */,
				3B264A412E6D964500BD6892 /* Resources */,
			);
			buildRules = (
			);
			dependencies = (
				3B264A452E6D964500BD6892 /* PBXTargetDependency */,
			);
			fileSystemSynchronizedGroups = (
				3B264A462E6D964500BD6892 /* RouterUITests */,
			);
			name = RouterUITests;
			packageProductDependencies = (
			);
			productName = RouterUITests;
			productReference = 3B264A432E6D964500BD6892 /* RouterUITests.xctest */;
			productType = "com.apple.product-type.bundle.ui-testing";
		};
/* End PBXNativeTarget section */

/* Begin PBXProject section */
		3B264A242E6D964400BD6892 /* Project object */ = {
			isa = PBXProject;
			attributes = {
				BuildIndependentTargetsInParallel = 1;
				LastSwiftUpdateCheck = 1640;
				LastUpgradeCheck = 1640;
				TargetAttributes = {
					3B264A2B2E6D964400BD6892 = {
						CreatedOnToolsVersion = 16.4;
					};
					3B264A382E6D964500BD6892 = {
						CreatedOnToolsVersion = 16.4;
						TestTargetID = 3B264A2B2E6D964400BD6892;
					};
					3B264A422E6D964500BD6892 = {
						CreatedOnToolsVersion = 16.4;
						TestTargetID = 3B264A2B2E6D964400BD6892;
					};
				};
			};
			buildConfigurationList = 3B264A272E6D964400BD6892 /* Build configuration list for PBXProject "Router" */;
			developmentRegion = en;
			hasScannedForEncodings = 0;
			knownRegions = (
				en,
				Base,
			);
			mainGroup = 3B264A232E6D964400BD6892;
			minimizedProjectReferenceProxies = 1;
			packageReferences = (
				3B3242912E74994B008E6C12 /* XCRemoteSwiftPackageReference "firebase-ios-sdk" */,
			);
			preferredProjectObjectVersion = 77;
			productRefGroup = 3B264A2D2E6D964400BD6892 /* Products */;
			projectDirPath = "";
			projectRoot = "";
			targets = (
				3B264A2B2E6D964400BD6892 /* Router */,
				3B264A382E6D964500BD6892 /* RouterTests */,
				3B264A422E6D964500BD6892 /* RouterUITests */,
			);
		};
/* End PBXProject section */

/* Begin PBXResourcesBuildPhase section */
		3B264A2A2E6D964400BD6892 /* Resources */ = {
			isa = PBXResourcesBuildPhase;
			buildActionMask = 2147483647;
			files = (
			);
			runOnlyForDeploymentPostprocessing = 0;
		};
		3B264A372E6D964500BD6892 /* Resources */ = {
			isa = PBXResourcesBuildPhase;
			buildActionMask = 2147483647;
			files = (
			);
			runOnlyForDeploymentPostprocessing = 0;
		};
		3B264A412E6D964500BD6892 /* Resources */ = {
			isa = PBXResourcesBuildPhase;
			buildActionMask = 2147483647;
			files = (
			);
			runOnlyForDeploymentPostprocessing = 0;
		};
/* End PBXResourcesBuildPhase section */

/* Begin PBXSourcesBuildPhase section */
		3B264A282E6D964400BD6892 /* Sources */ = {
			isa = PBXSourcesBuildPhase;
			buildActionMask = 2147483647;
			files = (
			);
			runOnlyForDeploymentPostprocessing = 0;
		};
		3B264A352E6D964500BD6892 /* Sources */ = {
			isa = PBXSourcesBuildPhase;
			buildActionMask = 2147483647;
			files = (
			);
			runOnlyForDeploymentPostprocessing = 0;
		};
		3B264A3F2E6D964500BD6892 /* Sources */ = {
			isa = PBXSourcesBuildPhase;
			buildActionMask = 2147483647;
			files = (
			);
			runOnlyForDeploymentPostprocessing = 0;
		};
/* End PBXSourcesBuildPhase section */

/* Begin PBXTargetDependency section */
		3B264A3B2E6D964500BD6892 /* PBXTargetDependency */ = {
			isa = PBXTargetDependency;
			target = 3B264A2B2E6D964400BD6892 /* Router */;
			targetProxy = 3B264A3A2E6D964500BD6892 /* PBXContainerItemProxy */;
		};
		3B264A452E6D964500BD6892 /* PBXTargetDependency */ = {
			isa = PBXTargetDependency;
			target = 3B264A2B2E6D964400BD6892 /* Router */;
			targetProxy = 3B264A442E6D964500BD6892 /* PBXContainerItemProxy */;
		};
/* End PBXTargetDependency section */

/* Begin XCBuildConfiguration section */
		3B264A4B2E6D964500BD6892 /* Debug */ = {
			isa = XCBuildConfiguration;
			buildSettings = {
				ALWAYS_SEARCH_USER_PATHS = NO;
				ASSETCATALOG_COMPILER_GENERATE_SWIFT_ASSET_SYMBOL_EXTENSIONS = YES;
				CLANG_ANALYZER_NONNULL = YES;
				CLANG_ANALYZER_NUMBER_OBJECT_CONVERSION = YES_AGGRESSIVE;
				CLANG_CXX_LANGUAGE_STANDARD = "gnu++20";
				CLANG_ENABLE_MODULES = YES;
				CLANG_ENABLE_OBJC_ARC = YES;
				CLANG_ENABLE_OBJC_WEAK = YES;
				CLANG_WARN_BLOCK_CAPTURE_AUTORELEASING = YES;
				CLANG_WARN_BOOL_CONVERSION = YES;
				CLANG_WARN_COMMA = YES;
				CLANG_WARN_CONSTANT_CONVERSION = YES;
				CLANG_WARN_DEPRECATED_OBJC_IMPLEMENTATIONS = YES;
				CLANG_WARN_DIRECT_OBJC_ISA_USAGE = YES_ERROR;
				CLANG_WARN_DOCUMENTATION_COMMENTS = YES;
				CLANG_WARN_EMPTY_BODY = YES;
				CLANG_WARN_ENUM_CONVERSION = YES;
				CLANG_WARN_INFINITE_RECURSION = YES;
				CLANG_WARN_INT_CONVERSION = YES;
				CLANG_WARN_NON_LITERAL_NULL_CONVERSION = YES;
				CLANG_WARN_OBJC_IMPLICIT_RETAIN_SELF = YES;
				CLANG_WARN_OBJC_LITERAL_CONVERSION = YES;
				CLANG_WARN_OBJC_ROOT_CLASS = YES_ERROR;
				CLANG_WARN_QUOTED_INCLUDE_IN_FRAMEWORK_HEADER = YES;
				CLANG_WARN_RANGE_LOOP_ANALYSIS = YES;
				CLANG_WARN_STRICT_PROTOTYPES = YES;
				CLANG_WARN_SUSPICIOUS_MOVE = YES;
				CLANG_WARN_UNGUARDED_AVAILABILITY = YES_AGGRESSIVE;
				CLANG_WARN_UNREACHABLE_CODE = YES;
				CLANG_WARN__DUPLICATE_METHOD_MATCH = YES;
				COPY_PHASE_STRIP = NO;
				DEBUG_INFORMATION_FORMAT = dwarf;
				ENABLE_STRICT_OBJC_MSGSEND = YES;
				ENABLE_TESTABILITY = YES;
				ENABLE_USER_SCRIPT_SANDBOXING = YES;
				GCC_C_LANGUAGE_STANDARD = gnu17;
				GCC_DYNAMIC_NO_PIC = NO;
				GCC_NO_COMMON_BLOCKS = YES;
				GCC_OPTIMIZATION_LEVEL = 0;
				GCC_PREPROCESSOR_DEFINITIONS = (
					"DEBUG=1",
					"$(inherited)",
				);
				GCC_WARN_64_TO_32_BIT_CONVERSION = YES;
				GCC_WARN_ABOUT_RETURN_TYPE = YES_ERROR;
				GCC_WARN_UNDECLARED_SELECTOR = YES;
				GCC_WARN_UNINITIALIZED_AUTOS = YES_AGGRESSIVE;
				GCC_WARN_UNUSED_FUNCTION = YES;
				GCC_WARN_UNUSED_VARIABLE = YES;
				IPHONEOS_DEPLOYMENT_TARGET = 18.5;
				LOCALIZATION_PREFERS_STRING_CATALOGS = YES;
				MTL_ENABLE_DEBUG_INFO = INCLUDE_SOURCE;
				MTL_FAST_MATH = YES;
				ONLY_ACTIVE_ARCH = YES;
				SDKROOT = iphoneos;
				SWIFT_ACTIVE_COMPILATION_CONDITIONS = "DEBUG $(inherited)";
				SWIFT_OPTIMIZATION_LEVEL = "-Onone";
			};
			name = Debug;
		};
		3B264A4C2E6D964500BD6892 /* Release */ = {
			isa = XCBuildConfiguration;
			buildSettings = {
				ALWAYS_SEARCH_USER_PATHS = NO;
				ASSETCATALOG_COMPILER_GENERATE_SWIFT_ASSET_SYMBOL_EXTENSIONS = YES;
				CLANG_ANALYZER_NONNULL = YES;
				CLANG_ANALYZER_NUMBER_OBJECT_CONVERSION = YES_AGGRESSIVE;
				CLANG_CXX_LANGUAGE_STANDARD = "gnu++20";
				CLANG_ENABLE_MODULES = YES;
				CLANG_ENABLE_OBJC_ARC = YES;
				CLANG_ENABLE_OBJC_WEAK = YES;
				CLANG_WARN_BLOCK_CAPTURE_AUTORELEASING = YES;
				CLANG_WARN_BOOL_CONVERSION = YES;
				CLANG_WARN_COMMA = YES;
				CLANG_WARN_CONSTANT_CONVERSION = YES;
				CLANG_WARN_DEPRECATED_OBJC_IMPLEMENTATIONS = YES;
				CLANG_WARN_DIRECT_OBJC_ISA_USAGE = YES_ERROR;
				CLANG_WARN_DOCUMENTATION_COMMENTS = YES;
				CLANG_WARN_EMPTY_BODY = YES;
				CLANG_WARN_ENUM_CONVERSION = YES;
				CLANG_WARN_INFINITE_RECURSION = YES;
				CLANG_WARN_INT_CONVERSION = YES;
				CLANG_WARN_NON_LITERAL_NULL_CONVERSION = YES;
				CLANG_WARN_OBJC_IMPLICIT_RETAIN_SELF = YES;
				CLANG_WARN_OBJC_LITERAL_CONVERSION = YES;
				CLANG_WARN_OBJC_ROOT_CLASS = YES_ERROR;
				CLANG_WARN_QUOTED_INCLUDE_IN_FRAMEWORK_HEADER = YES;
				CLANG_WARN_RANGE_LOOP_ANALYSIS = YES;
				CLANG_WARN_STRICT_PROTOTYPES = YES;
				CLANG_WARN_SUSPICIOUS_MOVE = YES;
				CLANG_WARN_UNGUARDED_AVAILABILITY = YES_AGGRESSIVE;
				CLANG_WARN_UNREACHABLE_CODE = YES;
				CLANG_WARN__DUPLICATE_METHOD_MATCH = YES;
				COPY_PHASE_STRIP = NO;
				DEBUG_INFORMATION_FORMAT = "dwarf-with-dsym";
				ENABLE_NS_ASSERTIONS = NO;
				ENABLE_STRICT_OBJC_MSGSEND = YES;
				ENABLE_USER_SCRIPT_SANDBOXING = YES;
				GCC_C_LANGUAGE_STANDARD = gnu17;
				GCC_NO_COMMON_BLOCKS = YES;
				GCC_WARN_64_TO_32_BIT_CONVERSION = YES;
				GCC_WARN_ABOUT_RETURN_TYPE = YES_ERROR;
				GCC_WARN_UNDECLARED_SELECTOR = YES;
				GCC_WARN_UNINITIALIZED_AUTOS = YES_AGGRESSIVE;
				GCC_WARN_UNUSED_FUNCTION = YES;
				GCC_WARN_UNUSED_VARIABLE = YES;
				IPHONEOS_DEPLOYMENT_TARGET = 18.5;
				LOCALIZATION_PREFERS_STRING_CATALOGS = YES;
				MTL_ENABLE_DEBUG_INFO = NO;
				MTL_FAST_MATH = YES;
				SDKROOT = iphoneos;
				SWIFT_COMPILATION_MODE = wholemodule;
				VALIDATE_PRODUCT = YES;
			};
			name = Release;
		};
		3B264A4E2E6D964500BD6892 /* Debug */ = {
			isa = XCBuildConfiguration;
			buildSettings = {
				ASSETCATALOG_COMPILER_APPICON_NAME = AppIcon;
				ASSETCATALOG_COMPILER_GLOBAL_ACCENT_COLOR_NAME = AccentColor;
				ASSETCATALOG_COMPILER_INCLUDE_ALL_APPICON_ASSETS = NO;
				CODE_SIGN_STYLE = Automatic;
				CURRENT_PROJECT_VERSION = 1;
				ENABLE_PREVIEWS = YES;
				GENERATE_INFOPLIST_FILE = YES;
				INFOPLIST_KEY_UIApplicationSceneManifest_Generation = YES;
				INFOPLIST_KEY_UIApplicationSupportsIndirectInputEvents = YES;
				INFOPLIST_KEY_UILaunchScreen_Generation = YES;
				INFOPLIST_KEY_UISupportedInterfaceOrientations_iPad = "UIInterfaceOrientationPortrait UIInterfaceOrientationPortraitUpsideDown UIInterfaceOrientationLandscapeLeft UIInterfaceOrientationLandscapeRight";
				INFOPLIST_KEY_UISupportedInterfaceOrientations_iPhone = "UIInterfaceOrientationPortrait UIInterfaceOrientationLandscapeLeft UIInterfaceOrientationLandscapeRight";
				LD_RUNPATH_SEARCH_PATHS = (
					"$(inherited)",
					"@executable_path/Frameworks",
				);
				MARKETING_VERSION = 1.0;
				PRODUCT_BUNDLE_IDENTIFIER = ganesh.swiftui.Router;
				PRODUCT_NAME = "$(TARGET_NAME)";
				SWIFT_EMIT_LOC_STRINGS = YES;
				SWIFT_VERSION = 5.0;
				TARGETED_DEVICE_FAMILY = "1,2";
			};
			name = Debug;
		};
		3B264A4F2E6D964500BD6892 /* Release */ = {
			isa = XCBuildConfiguration;
			buildSettings = {
				ASSETCATALOG_COMPILER_APPICON_NAME = AppIcon;
				ASSETCATALOG_COMPILER_GLOBAL_ACCENT_COLOR_NAME = AccentColor;
				ASSETCATALOG_COMPILER_INCLUDE_ALL_APPICON_ASSETS = NO;
				CODE_SIGN_STYLE = Automatic;
				CURRENT_PROJECT_VERSION = 1;
				ENABLE_PREVIEWS = YES;
				GENERATE_INFOPLIST_FILE = YES;
				INFOPLIST_KEY_UIApplicationSceneManifest_Generation = YES;
				INFOPLIST_KEY_UIApplicationSupportsIndirectInputEvents = YES;
				INFOPLIST_KEY_UILaunchScreen_Generation = YES;
				INFOPLIST_KEY_UISupportedInterfaceOrientations_iPad = "UIInterfaceOrientationPortrait UIInterfaceOrientationPortraitUpsideDown UIInterfaceOrientationLandscapeLeft UIInterfaceOrientationLandscapeRight";
				INFOPLIST_KEY_UISupportedInterfaceOrientations_iPhone = "UIInterfaceOrientationPortrait UIInterfaceOrientationLandscapeLeft UIInterfaceOrientationLandscapeRight";
				LD_RUNPATH_SEARCH_PATHS = (
					"$(inherited)",
					"@executable_path/Frameworks",
				);
				MARKETING_VERSION = 1.0;
				PRODUCT_BUNDLE_IDENTIFIER = ganesh.swiftui.Router;
				PRODUCT_NAME = "$(TARGET_NAME)";
				SWIFT_EMIT_LOC_STRINGS = YES;
				SWIFT_VERSION = 5.0;
				TARGETED_DEVICE_FAMILY = "1,2";
			};
			name = Release;
		};
		3B264A512E6D964500BD6892 /* Debug */ = {
			isa = XCBuildConfiguration;
			buildSettings = {
				BUNDLE_LOADER = "$(TEST_HOST)";
				CODE_SIGN_STYLE = Automatic;
				CURRENT_PROJECT_VERSION = 1;
				GENERATE_INFOPLIST_FILE = YES;
				IPHONEOS_DEPLOYMENT_TARGET = 18.5;
				MARKETING_VERSION = 1.0;
				PRODUCT_BUNDLE_IDENTIFIER = ganesh.swiftui.RouterTests;
				PRODUCT_NAME = "$(TARGET_NAME)";
				SWIFT_EMIT_LOC_STRINGS = NO;
				SWIFT_VERSION = 5.0;
				TARGETED_DEVICE_FAMILY = "1,2";
				TEST_HOST = "$(BUILT_PRODUCTS_DIR)/Router.app/$(BUNDLE_EXECUTABLE_FOLDER_PATH)/Router";
			};
			name = Debug;
		};
		3B264A522E6D964500BD6892 /* Release */ = {
			isa = XCBuildConfiguration;
			buildSettings = {
				BUNDLE_LOADER = "$(TEST_HOST)";
				CODE_SIGN_STYLE = Automatic;
				CURRENT_PROJECT_VERSION = 1;
				GENERATE_INFOPLIST_FILE = YES;
				IPHONEOS_DEPLOYMENT_TARGET = 18.5;
				MARKETING_VERSION = 1.0;
				PRODUCT_BUNDLE_IDENTIFIER = ganesh.swiftui.RouterTests;
				PRODUCT_NAME = "$(TARGET_NAME)";
				SWIFT_EMIT_LOC_STRINGS = NO;
				SWIFT_VERSION = 5.0;
				TARGETED_DEVICE_FAMILY = "1,2";
				TEST_HOST = "$(BUILT_PRODUCTS_DIR)/Router.app/$(BUNDLE_EXECUTABLE_FOLDER_PATH)/Router";
			};
			name = Release;
		};
		3B264A542E6D964500BD6892 /* Debug */ = {
			isa = XCBuildConfiguration;
			buildSettings = {
				CODE_SIGN_STYLE = Automatic;
				CURRENT_PROJECT_VERSION = 1;
				GENERATE_INFOPLIST_FILE = YES;
				MARKETING_VERSION = 1.0;
				PRODUCT_BUNDLE_IDENTIFIER = ganesh.swiftui.RouterUITests;
				PRODUCT_NAME = "$(TARGET_NAME)";
				SWIFT_EMIT_LOC_STRINGS = NO;
				SWIFT_VERSION = 5.0;
				TARGETED_DEVICE_FAMILY = "1,2";
				TEST_TARGET_NAME = Router;
			};
			name = Debug;
		};
		3B264A552E6D964500BD6892 /* Release */ = {
			isa = XCBuildConfiguration;
			buildSettings = {
				CODE_SIGN_STYLE = Automatic;
				CURRENT_PROJECT_VERSION = 1;
				GENERATE_INFOPLIST_FILE = YES;
				MARKETING_VERSION = 1.0;
				PRODUCT_BUNDLE_IDENTIFIER = ganesh.swiftui.RouterUITests;
				PRODUCT_NAME = "$(TARGET_NAME)";
				SWIFT_EMIT_LOC_STRINGS = NO;
				SWIFT_VERSION = 5.0;
				TARGETED_DEVICE_FAMILY = "1,2";
				TEST_TARGET_NAME = Router;
			};
			name = Release;
		};
/* End XCBuildConfiguration section */

/* Begin XCConfigurationList section */
		3B264A272E6D964400BD6892 /* Build configuration list for PBXProject "Router" */ = {
			isa = XCConfigurationList;
			buildConfigurations = (
				3B264A4B2E6D964500BD6892 /* Debug */,
				3B264A4C2E6D964500BD6892 /* Release */,
			);
			defaultConfigurationIsVisible = 0;
			defaultConfigurationName = Release;
		};
		3B264A4D2E6D964500BD6892 /* Build configuration list for PBXNativeTarget "Router" */ = {
			isa = XCConfigurationList;
			buildConfigurations = (
				3B264A4E2E6D964500BD6892 /* Debug */,
				3B264A4F2E6D964500BD6892 /* Release */,
			);
			defaultConfigurationIsVisible = 0;
			defaultConfigurationName = Release;
		};
		3B264A502E6D964500BD6892 /* Build configuration list for PBXNativeTarget "RouterTests" */ = {
			isa = XCConfigurationList;
			buildConfigurations = (
				3B264A512E6D964500BD6892 /* Debug */,
				3B264A522E6D964500BD6892 /* Release */,
			);
			defaultConfigurationIsVisible = 0;
			defaultConfigurationName = Release;
		};
		3B264A532E6D964500BD6892 /* Build configuration list for PBXNativeTarget "RouterUITests" */ = {
			isa = XCConfigurationList;
			buildConfigurations = (
				3B264A542E6D964500BD6892 /* Debug */,
				3B264A552E6D964500BD6892 /* Release */,
			);
			defaultConfigurationIsVisible = 0;
			defaultConfigurationName = Release;
		};
/* End XCConfigurationList section */

/* Begin XCRemoteSwiftPackageReference section */
		3B3242912E74994B008E6C12 /* XCRemoteSwiftPackageReference "firebase-ios-sdk" */ = {
			isa = XCRemoteSwiftPackageReference;
			repositoryURL = "https://github.com/firebase/firebase-ios-sdk";
			requirement = {
				kind = upToNextMajorVersion;
				minimumVersion = 12.2.0;
			};
		};
/* End XCRemoteSwiftPackageReference section */

/* Begin XCSwiftPackageProductDependency section */
		3B3242922E74994B008E6C12 /* FirebaseAuth */ = {
			isa = XCSwiftPackageProductDependency;
			package = 3B3242912E74994B008E6C12 /* XCRemoteSwiftPackageReference "firebase-ios-sdk" */;
			productName = FirebaseAuth;
		};
		3B3242942E74994B008E6C12 /* FirebaseFirestore */ = {
			isa = XCSwiftPackageProductDependency;
			package = 3B3242912E74994B008E6C12 /* XCRemoteSwiftPackageReference "firebase-ios-sdk" */;
			productName = FirebaseFirestore;
		};
		3B3242962E74994B008E6C12 /* FirebaseStorage */ = {
			isa = XCSwiftPackageProductDependency;
			package = 3B3242912E74994B008E6C12 /* XCRemoteSwiftPackageReference "firebase-ios-sdk" */;
			productName = FirebaseStorage;
		};
/* End XCSwiftPackageProductDependency section */
	};
	rootObject = 3B264A242E6D964400BD6892 /* Project object */;
}
